// !$*UTF8*$!
{
	archiveVersion = 1;
	classes = {
	};
	objectVersion = 50;
	objects = {

/* Begin PBXBuildFile section */
		7BFDBF8824F5505100075098 /* UkraineInfectedCount WatchKit App.app in Embed Watch Content */ = {isa = PBXBuildFile; fileRef = 7BFDBF8724F5505100075098 /* UkraineInfectedCount WatchKit App.app */; settings = {ATTRIBUTES = (RemoveHeadersOnCopy, ); }; };
		7BFDBF8E24F5505100075098 /* Interface.storyboard in Resources */ = {isa = PBXBuildFile; fileRef = 7BFDBF8C24F5505100075098 /* Interface.storyboard */; };
		7BFDBF9024F5505600075098 /* Assets.xcassets in Resources */ = {isa = PBXBuildFile; fileRef = 7BFDBF8F24F5505600075098 /* Assets.xcassets */; };
		7BFDBF9724F5505600075098 /* UkraineInfectedCount WatchKit Extension.appex in Embed App Extensions */ = {isa = PBXBuildFile; fileRef = 7BFDBF9624F5505600075098 /* UkraineInfectedCount WatchKit Extension.appex */; settings = {ATTRIBUTES = (RemoveHeadersOnCopy, ); }; };
		7BFDBF9C24F5505600075098 /* ContentView.swift in Sources */ = {isa = PBXBuildFile; fileRef = 7BFDBF9B24F5505600075098 /* ContentView.swift */; };
		7BFDBF9E24F5505600075098 /* HostingController.swift in Sources */ = {isa = PBXBuildFile; fileRef = 7BFDBF9D24F5505600075098 /* HostingController.swift */; };
		7BFDBFA024F5505600075098 /* ExtensionDelegate.swift in Sources */ = {isa = PBXBuildFile; fileRef = 7BFDBF9F24F5505600075098 /* ExtensionDelegate.swift */; };
		7BFDBFA224F5505600075098 /* NotificationController.swift in Sources */ = {isa = PBXBuildFile; fileRef = 7BFDBFA124F5505600075098 /* NotificationController.swift */; };
		7BFDBFA424F5505600075098 /* NotificationView.swift in Sources */ = {isa = PBXBuildFile; fileRef = 7BFDBFA324F5505600075098 /* NotificationView.swift */; };
		7BFDBFA624F5505800075098 /* Assets.xcassets in Resources */ = {isa = PBXBuildFile; fileRef = 7BFDBFA524F5505800075098 /* Assets.xcassets */; };
		7BFDBFA924F5505800075098 /* Preview Assets.xcassets in Resources */ = {isa = PBXBuildFile; fileRef = 7BFDBFA824F5505800075098 /* Preview Assets.xcassets */; };
		7BFDBFBA24F551D500075098 /* InterfaceController.swift in Sources */ = {isa = PBXBuildFile; fileRef = 7BFDBFB924F551D500075098 /* InterfaceController.swift */; };
		7BFDBFBD24F56A2500075098 /* StructureClasses.swift in Sources */ = {isa = PBXBuildFile; fileRef = 7BFDBFBC24F56A2500075098 /* StructureClasses.swift */; };
		7BFDBFBF24F586DB00075098 /* WorldInfectedInterfaceController.swift in Sources */ = {isa = PBXBuildFile; fileRef = 7BFDBFBE24F586DB00075098 /* WorldInfectedInterfaceController.swift */; };
/* End PBXBuildFile section */

/* Begin PBXContainerItemProxy section */
		7BFDBF8924F5505100075098 /* PBXContainerItemProxy */ = {
			isa = PBXContainerItemProxy;
			containerPortal = 7BFDBF7D24F5505100075098 /* Project object */;
			proxyType = 1;
			remoteGlobalIDString = 7BFDBF8624F5505100075098;
			remoteInfo = "UkraineInfectedCount WatchKit App";
		};
		7BFDBF9824F5505600075098 /* PBXContainerItemProxy */ = {
			isa = PBXContainerItemProxy;
			containerPortal = 7BFDBF7D24F5505100075098 /* Project object */;
			proxyType = 1;
			remoteGlobalIDString = 7BFDBF9524F5505600075098;
			remoteInfo = "UkraineInfectedCount WatchKit Extension";
		};
/* End PBXContainerItemProxy section */

/* Begin PBXCopyFilesBuildPhase section */
		7BFDBFB124F5505800075098 /* Embed App Extensions */ = {
			isa = PBXCopyFilesBuildPhase;
			buildActionMask = 2147483647;
			dstPath = "";
			dstSubfolderSpec = 13;
			files = (
				7BFDBF9724F5505600075098 /* UkraineInfectedCount WatchKit Extension.appex in Embed App Extensions */,
			);
			name = "Embed App Extensions";
			runOnlyForDeploymentPostprocessing = 0;
		};
		7BFDBFB524F5505800075098 /* Embed Watch Content */ = {
			isa = PBXCopyFilesBuildPhase;
			buildActionMask = 2147483647;
			dstPath = "$(CONTENTS_FOLDER_PATH)/Watch";
			dstSubfolderSpec = 16;
			files = (
				7BFDBF8824F5505100075098 /* UkraineInfectedCount WatchKit App.app in Embed Watch Content */,
			);
			name = "Embed Watch Content";
			runOnlyForDeploymentPostprocessing = 0;
		};
/* End PBXCopyFilesBuildPhase section */

/* Begin PBXFileReference section */
		7BFDBF8324F5505100075098 /* UkraineInfectedCount.app */ = {isa = PBXFileReference; explicitFileType = wrapper.application; includeInIndex = 0; path = UkraineInfectedCount.app; sourceTree = BUILT_PRODUCTS_DIR; };
		7BFDBF8724F5505100075098 /* UkraineInfectedCount WatchKit App.app */ = {isa = PBXFileReference; explicitFileType = wrapper.application; includeInIndex = 0; path = "UkraineInfectedCount WatchKit App.app"; sourceTree = BUILT_PRODUCTS_DIR; };
		7BFDBF8D24F5505100075098 /* Base */ = {isa = PBXFileReference; lastKnownFileType = file.storyboard; name = Base; path = Base.lproj/Interface.storyboard; sourceTree = "<group>"; };
		7BFDBF8F24F5505600075098 /* Assets.xcassets */ = {isa = PBXFileReference; lastKnownFileType = folder.assetcatalog; path = Assets.xcassets; sourceTree = "<group>"; };
		7BFDBF9124F5505600075098 /* Info.plist */ = {isa = PBXFileReference; lastKnownFileType = text.plist.xml; path = Info.plist; sourceTree = "<group>"; };
		7BFDBF9624F5505600075098 /* UkraineInfectedCount WatchKit Extension.appex */ = {isa = PBXFileReference; explicitFileType = "wrapper.app-extension"; includeInIndex = 0; path = "UkraineInfectedCount WatchKit Extension.appex"; sourceTree = BUILT_PRODUCTS_DIR; };
		7BFDBF9B24F5505600075098 /* ContentView.swift */ = {isa = PBXFileReference; lastKnownFileType = sourcecode.swift; path = ContentView.swift; sourceTree = "<group>"; };
		7BFDBF9D24F5505600075098 /* HostingController.swift */ = {isa = PBXFileReference; lastKnownFileType = sourcecode.swift; path = HostingController.swift; sourceTree = "<group>"; };
		7BFDBF9F24F5505600075098 /* ExtensionDelegate.swift */ = {isa = PBXFileReference; lastKnownFileType = sourcecode.swift; path = ExtensionDelegate.swift; sourceTree = "<group>"; };
		7BFDBFA124F5505600075098 /* NotificationController.swift */ = {isa = PBXFileReference; lastKnownFileType = sourcecode.swift; path = NotificationController.swift; sourceTree = "<group>"; };
		7BFDBFA324F5505600075098 /* NotificationView.swift */ = {isa = PBXFileReference; lastKnownFileType = sourcecode.swift; path = NotificationView.swift; sourceTree = "<group>"; };
		7BFDBFA524F5505800075098 /* Assets.xcassets */ = {isa = PBXFileReference; lastKnownFileType = folder.assetcatalog; path = Assets.xcassets; sourceTree = "<group>"; };
		7BFDBFA824F5505800075098 /* Preview Assets.xcassets */ = {isa = PBXFileReference; lastKnownFileType = folder.assetcatalog; path = "Preview Assets.xcassets"; sourceTree = "<group>"; };
		7BFDBFAA24F5505800075098 /* Info.plist */ = {isa = PBXFileReference; lastKnownFileType = text.plist.xml; path = Info.plist; sourceTree = "<group>"; };
		7BFDBFAB24F5505800075098 /* PushNotificationPayload.apns */ = {isa = PBXFileReference; lastKnownFileType = text; path = PushNotificationPayload.apns; sourceTree = "<group>"; };
		7BFDBFB924F551D500075098 /* InterfaceController.swift */ = {isa = PBXFileReference; lastKnownFileType = sourcecode.swift; path = InterfaceController.swift; sourceTree = "<group>"; };
		7BFDBFBC24F56A2500075098 /* StructureClasses.swift */ = {isa = PBXFileReference; lastKnownFileType = sourcecode.swift; path = StructureClasses.swift; sourceTree = "<group>"; };
		7BFDBFBE24F586DB00075098 /* WorldInfectedInterfaceController.swift */ = {isa = PBXFileReference; lastKnownFileType = sourcecode.swift; path = WorldInfectedInterfaceController.swift; sourceTree = "<group>"; };
/* End PBXFileReference section */

/* Begin PBXFrameworksBuildPhase section */
		7BFDBF9324F5505600075098 /* Frameworks */ = {
			isa = PBXFrameworksBuildPhase;
			buildActionMask = 2147483647;
			files = (
			);
			runOnlyForDeploymentPostprocessing = 0;
		};
/* End PBXFrameworksBuildPhase section */

/* Begin PBXGroup section */
		7BFDBF7C24F5505100075098 = {
			isa = PBXGroup;
			children = (
				7BFDBF8B24F5505100075098 /* UkraineInfectedCount WatchKit App */,
				7BFDBF9A24F5505600075098 /* UkraineInfectedCount WatchKit Extension */,
				7BFDBF8424F5505100075098 /* Products */,
			);
			sourceTree = "<group>";
		};
		7BFDBF8424F5505100075098 /* Products */ = {
			isa = PBXGroup;
			children = (
				7BFDBF8324F5505100075098 /* UkraineInfectedCount.app */,
				7BFDBF8724F5505100075098 /* UkraineInfectedCount WatchKit App.app */,
				7BFDBF9624F5505600075098 /* UkraineInfectedCount WatchKit Extension.appex */,
			);
			name = Products;
			sourceTree = "<group>";
		};
		7BFDBF8B24F5505100075098 /* UkraineInfectedCount WatchKit App */ = {
			isa = PBXGroup;
			children = (
				7BFDBF8C24F5505100075098 /* Interface.storyboard */,
				7BFDBF8F24F5505600075098 /* Assets.xcassets */,
				7BFDBF9124F5505600075098 /* Info.plist */,
			);
			path = "UkraineInfectedCount WatchKit App";
			sourceTree = "<group>";
		};
		7BFDBF9A24F5505600075098 /* UkraineInfectedCount WatchKit Extension */ = {
			isa = PBXGroup;
			children = (
				7BFDBFBB24F56A0500075098 /* Models */,
				7BFDBF9B24F5505600075098 /* ContentView.swift */,
				7BFDBF9D24F5505600075098 /* HostingController.swift */,
				7BFDBF9F24F5505600075098 /* ExtensionDelegate.swift */,
				7BFDBFA124F5505600075098 /* NotificationController.swift */,
				7BFDBFA324F5505600075098 /* NotificationView.swift */,
				7BFDBFA524F5505800075098 /* Assets.xcassets */,
				7BFDBFAA24F5505800075098 /* Info.plist */,
				7BFDBFAB24F5505800075098 /* PushNotificationPayload.apns */,
				7BFDBFA724F5505800075098 /* Preview Content */,
				7BFDBFB924F551D500075098 /* InterfaceController.swift */,
				7BFDBFBE24F586DB00075098 /* WorldInfectedInterfaceController.swift */,
			);
			path = "UkraineInfectedCount WatchKit Extension";
			sourceTree = "<group>";
		};
		7BFDBFA724F5505800075098 /* Preview Content */ = {
			isa = PBXGroup;
			children = (
				7BFDBFA824F5505800075098 /* Preview Assets.xcassets */,
			);
			path = "Preview Content";
			sourceTree = "<group>";
		};
		7BFDBFBB24F56A0500075098 /* Models */ = {
			isa = PBXGroup;
			children = (
				7BFDBFBC24F56A2500075098 /* StructureClasses.swift */,
			);
			path = Models;
			sourceTree = "<group>";
		};
/* End PBXGroup section */

/* Begin PBXNativeTarget section */
		7BFDBF8224F5505100075098 /* UkraineInfectedCount */ = {
			isa = PBXNativeTarget;
			buildConfigurationList = 7BFDBFB624F5505800075098 /* Build configuration list for PBXNativeTarget "UkraineInfectedCount" */;
			buildPhases = (
				7BFDBF8124F5505100075098 /* Resources */,
				7BFDBFB524F5505800075098 /* Embed Watch Content */,
			);
			buildRules = (
			);
			dependencies = (
				7BFDBF8A24F5505100075098 /* PBXTargetDependency */,
			);
			name = UkraineInfectedCount;
			productName = UkraineInfectedCount;
			productReference = 7BFDBF8324F5505100075098 /* UkraineInfectedCount.app */;
			productType = "com.apple.product-type.application.watchapp2-container";
		};
		7BFDBF8624F5505100075098 /* UkraineInfectedCount WatchKit App */ = {
			isa = PBXNativeTarget;
			buildConfigurationList = 7BFDBFB224F5505800075098 /* Build configuration list for PBXNativeTarget "UkraineInfectedCount WatchKit App" */;
			buildPhases = (
				7BFDBF8524F5505100075098 /* Resources */,
				7BFDBFB124F5505800075098 /* Embed App Extensions */,
			);
			buildRules = (
			);
			dependencies = (
				7BFDBF9924F5505600075098 /* PBXTargetDependency */,
			);
			name = "UkraineInfectedCount WatchKit App";
			productName = "UkraineInfectedCount WatchKit App";
			productReference = 7BFDBF8724F5505100075098 /* UkraineInfectedCount WatchKit App.app */;
			productType = "com.apple.product-type.application.watchapp2";
		};
		7BFDBF9524F5505600075098 /* UkraineInfectedCount WatchKit Extension */ = {
			isa = PBXNativeTarget;
			buildConfigurationList = 7BFDBFAE24F5505800075098 /* Build configuration list for PBXNativeTarget "UkraineInfectedCount WatchKit Extension" */;
			buildPhases = (
				7BFDBF9224F5505600075098 /* Sources */,
				7BFDBF9324F5505600075098 /* Frameworks */,
				7BFDBF9424F5505600075098 /* Resources */,
			);
			buildRules = (
			);
			dependencies = (
			);
			name = "UkraineInfectedCount WatchKit Extension";
			productName = "UkraineInfectedCount WatchKit Extension";
			productReference = 7BFDBF9624F5505600075098 /* UkraineInfectedCount WatchKit Extension.appex */;
			productType = "com.apple.product-type.watchkit2-extension";
		};
/* End PBXNativeTarget section */

/* Begin PBXProject section */
		7BFDBF7D24F5505100075098 /* Project object */ = {
			isa = PBXProject;
			attributes = {
				LastSwiftUpdateCheck = 1140;
				LastUpgradeCheck = 1140;
				ORGANIZATIONNAME = "Orest Khomitskyi";
				TargetAttributes = {
					7BFDBF8224F5505100075098 = {
						CreatedOnToolsVersion = 11.4.1;
					};
					7BFDBF8624F5505100075098 = {
						CreatedOnToolsVersion = 11.4.1;
					};
					7BFDBF9524F5505600075098 = {
						CreatedOnToolsVersion = 11.4.1;
					};
				};
			};
			buildConfigurationList = 7BFDBF8024F5505100075098 /* Build configuration list for PBXProject "UkraineInfectedCount" */;
			compatibilityVersion = "Xcode 9.3";
			developmentRegion = en;
			hasScannedForEncodings = 0;
			knownRegions = (
				en,
				Base,
			);
			mainGroup = 7BFDBF7C24F5505100075098;
			productRefGroup = 7BFDBF8424F5505100075098 /* Products */;
			projectDirPath = "";
			projectRoot = "";
			targets = (
				7BFDBF8224F5505100075098 /* UkraineInfectedCount */,
				7BFDBF8624F5505100075098 /* UkraineInfectedCount WatchKit App */,
				7BFDBF9524F5505600075098 /* UkraineInfectedCount WatchKit Extension */,
			);
		};
/* End PBXProject section */

/* Begin PBXResourcesBuildPhase section */
		7BFDBF8124F5505100075098 /* Resources */ = {
			isa = PBXResourcesBuildPhase;
			buildActionMask = 2147483647;
			files = (
			);
			runOnlyForDeploymentPostprocessing = 0;
		};
		7BFDBF8524F5505100075098 /* Resources */ = {
			isa = PBXResourcesBuildPhase;
			buildActionMask = 2147483647;
			files = (
				7BFDBF9024F5505600075098 /* Assets.xcassets in Resources */,
				7BFDBF8E24F5505100075098 /* Interface.storyboard in Resources */,
			);
			runOnlyForDeploymentPostprocessing = 0;
		};
		7BFDBF9424F5505600075098 /* Resources */ = {
			isa = PBXResourcesBuildPhase;
			buildActionMask = 2147483647;
			files = (
				7BFDBFA924F5505800075098 /* Preview Assets.xcassets in Resources */,
				7BFDBFA624F5505800075098 /* Assets.xcassets in Resources */,
			);
			runOnlyForDeploymentPostprocessing = 0;
		};
/* End PBXResourcesBuildPhase section */

/* Begin PBXSourcesBuildPhase section */
		7BFDBF9224F5505600075098 /* Sources */ = {
			isa = PBXSourcesBuildPhase;
			buildActionMask = 2147483647;
			files = (
				7BFDBFBF24F586DB00075098 /* WorldInfectedInterfaceController.swift in Sources */,
				7BFDBFBD24F56A2500075098 /* StructureClasses.swift in Sources */,
				7BFDBF9E24F5505600075098 /* HostingController.swift in Sources */,
				7BFDBF9C24F5505600075098 /* ContentView.swift in Sources */,
				7BFDBFA224F5505600075098 /* NotificationController.swift in Sources */,
				7BFDBFBA24F551D500075098 /* InterfaceController.swift in Sources */,
				7BFDBFA024F5505600075098 /* ExtensionDelegate.swift in Sources */,
				7BFDBFA424F5505600075098 /* NotificationView.swift in Sources */,
			);
			runOnlyForDeploymentPostprocessing = 0;
		};
/* End PBXSourcesBuildPhase section */

/* Begin PBXTargetDependency section */
		7BFDBF8A24F5505100075098 /* PBXTargetDependency */ = {
			isa = PBXTargetDependency;
			target = 7BFDBF8624F5505100075098 /* UkraineInfectedCount WatchKit App */;
			targetProxy = 7BFDBF8924F5505100075098 /* PBXContainerItemProxy */;
		};
		7BFDBF9924F5505600075098 /* PBXTargetDependency */ = {
			isa = PBXTargetDependency;
			target = 7BFDBF9524F5505600075098 /* UkraineInfectedCount WatchKit Extension */;
			targetProxy = 7BFDBF9824F5505600075098 /* PBXContainerItemProxy */;
		};
/* End PBXTargetDependency section */

/* Begin PBXVariantGroup section */
		7BFDBF8C24F5505100075098 /* Interface.storyboard */ = {
			isa = PBXVariantGroup;
			children = (
				7BFDBF8D24F5505100075098 /* Base */,
			);
			name = Interface.storyboard;
			sourceTree = "<group>";
		};
/* End PBXVariantGroup section */

/* Begin XCBuildConfiguration section */
		7BFDBFAC24F5505800075098 /* Debug */ = {
			isa = XCBuildConfiguration;
			buildSettings = {
				ALWAYS_SEARCH_USER_PATHS = NO;
				CLANG_ANALYZER_NONNULL = YES;
				CLANG_ANALYZER_NUMBER_OBJECT_CONVERSION = YES_AGGRESSIVE;
				CLANG_CXX_LANGUAGE_STANDARD = "gnu++14";
				CLANG_CXX_LIBRARY = "libc++";
				CLANG_ENABLE_MODULES = YES;
				CLANG_ENABLE_OBJC_ARC = YES;
				CLANG_ENABLE_OBJC_WEAK = YES;
				CLANG_WARN_BLOCK_CAPTURE_AUTORELEASING = YES;
				CLANG_WARN_BOOL_CONVERSION = YES;
				CLANG_WARN_COMMA = YES;
				CLANG_WARN_CONSTANT_CONVERSION = YES;
				CLANG_WARN_DEPRECATED_OBJC_IMPLEMENTATIONS = YES;
				CLANG_WARN_DIRECT_OBJC_ISA_USAGE = YES_ERROR;
				CLANG_WARN_DOCUMENTATION_COMMENTS = YES;
				CLANG_WARN_EMPTY_BODY = YES;
				CLANG_WARN_ENUM_CONVERSION = YES;
				CLANG_WARN_INFINITE_RECURSION = YES;
				CLANG_WARN_INT_CONVERSION = YES;
				CLANG_WARN_NON_LITERAL_NULL_CONVERSION = YES;
				CLANG_WARN_OBJC_IMPLICIT_RETAIN_SELF = YES;
				CLANG_WARN_OBJC_LITERAL_CONVERSION = YES;
				CLANG_WARN_OBJC_ROOT_CLASS = YES_ERROR;
				CLANG_WARN_RANGE_LOOP_ANALYSIS = YES;
				CLANG_WARN_STRICT_PROTOTYPES = YES;
				CLANG_WARN_SUSPICIOUS_MOVE = YES;
				CLANG_WARN_UNGUARDED_AVAILABILITY = YES_AGGRESSIVE;
				CLANG_WARN_UNREACHABLE_CODE = YES;
				CLANG_WARN__DUPLICATE_METHOD_MATCH = YES;
				COPY_PHASE_STRIP = NO;
				DEBUG_INFORMATION_FORMAT = dwarf;
				ENABLE_STRICT_OBJC_MSGSEND = YES;
				ENABLE_TESTABILITY = YES;
				GCC_C_LANGUAGE_STANDARD = gnu11;
				GCC_DYNAMIC_NO_PIC = NO;
				GCC_NO_COMMON_BLOCKS = YES;
				GCC_OPTIMIZATION_LEVEL = 0;
				GCC_PREPROCESSOR_DEFINITIONS = (
					"DEBUG=1",
					"$(inherited)",
				);
				GCC_WARN_64_TO_32_BIT_CONVERSION = YES;
				GCC_WARN_ABOUT_RETURN_TYPE = YES_ERROR;
				GCC_WARN_UNDECLARED_SELECTOR = YES;
				GCC_WARN_UNINITIALIZED_AUTOS = YES_AGGRESSIVE;
				GCC_WARN_UNUSED_FUNCTION = YES;
				GCC_WARN_UNUSED_VARIABLE = YES;
				MTL_ENABLE_DEBUG_INFO = INCLUDE_SOURCE;
				MTL_FAST_MATH = YES;
				ONLY_ACTIVE_ARCH = YES;
				SDKROOT = iphoneos;
				SWIFT_ACTIVE_COMPILATION_CONDITIONS = DEBUG;
				SWIFT_OPTIMIZATION_LEVEL = "-Onone";
			};
			name = Debug;
		};
		7BFDBFAD24F5505800075098 /* Release */ = {
			isa = XCBuildConfiguration;
			buildSettings = {
				ALWAYS_SEARCH_USER_PATHS = NO;
				CLANG_ANALYZER_NONNULL = YES;
				CLANG_ANALYZER_NUMBER_OBJECT_CONVERSION = YES_AGGRESSIVE;
				CLANG_CXX_LANGUAGE_STANDARD = "gnu++14";
				CLANG_CXX_LIBRARY = "libc++";
				CLANG_ENABLE_MODULES = YES;
				CLANG_ENABLE_OBJC_ARC = YES;
				CLANG_ENABLE_OBJC_WEAK = YES;
				CLANG_WARN_BLOCK_CAPTURE_AUTORELEASING = YES;
				CLANG_WARN_BOOL_CONVERSION = YES;
				CLANG_WARN_COMMA = YES;
				CLANG_WARN_CONSTANT_CONVERSION = YES;
				CLANG_WARN_DEPRECATED_OBJC_IMPLEMENTATIONS = YES;
				CLANG_WARN_DIRECT_OBJC_ISA_USAGE = YES_ERROR;
				CLANG_WARN_DOCUMENTATION_COMMENTS = YES;
				CLANG_WARN_EMPTY_BODY = YES;
				CLANG_WARN_ENUM_CONVERSION = YES;
				CLANG_WARN_INFINITE_RECURSION = YES;
				CLANG_WARN_INT_CONVERSION = YES;
				CLANG_WARN_NON_LITERAL_NULL_CONVERSION = YES;
				CLANG_WARN_OBJC_IMPLICIT_RETAIN_SELF = YES;
				CLANG_WARN_OBJC_LITERAL_CONVERSION = YES;
				CLANG_WARN_OBJC_ROOT_CLASS = YES_ERROR;
				CLANG_WARN_RANGE_LOOP_ANALYSIS = YES;
				CLANG_WARN_STRICT_PROTOTYPES = YES;
				CLANG_WARN_SUSPICIOUS_MOVE = YES;
				CLANG_WARN_UNGUARDED_AVAILABILITY = YES_AGGRESSIVE;
				CLANG_WARN_UNREACHABLE_CODE = YES;
				CLANG_WARN__DUPLICATE_METHOD_MATCH = YES;
				COPY_PHASE_STRIP = NO;
				DEBUG_INFORMATION_FORMAT = "dwarf-with-dsym";
				ENABLE_NS_ASSERTIONS = NO;
				ENABLE_STRICT_OBJC_MSGSEND = YES;
				GCC_C_LANGUAGE_STANDARD = gnu11;
				GCC_NO_COMMON_BLOCKS = YES;
				GCC_WARN_64_TO_32_BIT_CONVERSION = YES;
				GCC_WARN_ABOUT_RETURN_TYPE = YES_ERROR;
				GCC_WARN_UNDECLARED_SELECTOR = YES;
				GCC_WARN_UNINITIALIZED_AUTOS = YES_AGGRESSIVE;
				GCC_WARN_UNUSED_FUNCTION = YES;
				GCC_WARN_UNUSED_VARIABLE = YES;
				MTL_ENABLE_DEBUG_INFO = NO;
				MTL_FAST_MATH = YES;
				SDKROOT = iphoneos;
				SWIFT_COMPILATION_MODE = wholemodule;
				SWIFT_OPTIMIZATION_LEVEL = "-O";
				VALIDATE_PRODUCT = YES;
			};
			name = Release;
		};
		7BFDBFAF24F5505800075098 /* Debug */ = {
			isa = XCBuildConfiguration;
			buildSettings = {
				ASSETCATALOG_COMPILER_COMPLICATION_NAME = Complication;
				CODE_SIGN_STYLE = Automatic;
				DEVELOPMENT_ASSET_PATHS = "\"UkraineInfectedCount WatchKit Extension/Preview Content\"";
				DEVELOPMENT_TEAM = W7M797D7RW;
				ENABLE_PREVIEWS = YES;
				INFOPLIST_FILE = "UkraineInfectedCount WatchKit Extension/Info.plist";
				LD_RUNPATH_SEARCH_PATHS = (
					"$(inherited)",
					"@executable_path/Frameworks",
					"@executable_path/../../Frameworks",
				);
				PRODUCT_BUNDLE_IDENTIFIER = "com.orko-production.UkraineInfectedCount.watchkitapp.watchkitextension";
				PRODUCT_NAME = "${TARGET_NAME}";
				SDKROOT = watchos;
				SKIP_INSTALL = YES;
				SWIFT_VERSION = 5.0;
				TARGETED_DEVICE_FAMILY = 4;
				WATCHOS_DEPLOYMENT_TARGET = 6.2;
			};
			name = Debug;
		};
		7BFDBFB024F5505800075098 /* Release */ = {
			isa = XCBuildConfiguration;
			buildSettings = {
				ASSETCATALOG_COMPILER_COMPLICATION_NAME = Complication;
				CODE_SIGN_STYLE = Automatic;
				DEVELOPMENT_ASSET_PATHS = "\"UkraineInfectedCount WatchKit Extension/Preview Content\"";
				DEVELOPMENT_TEAM = W7M797D7RW;
				ENABLE_PREVIEWS = YES;
				INFOPLIST_FILE = "UkraineInfectedCount WatchKit Extension/Info.plist";
				LD_RUNPATH_SEARCH_PATHS = (
					"$(inherited)",
					"@executable_path/Frameworks",
					"@executable_path/../../Frameworks",
				);
				PRODUCT_BUNDLE_IDENTIFIER = "com.orko-production.UkraineInfectedCount.watchkitapp.watchkitextension";
				PRODUCT_NAME = "${TARGET_NAME}";
				SDKROOT = watchos;
				SKIP_INSTALL = YES;
				SWIFT_VERSION = 5.0;
				TARGETED_DEVICE_FAMILY = 4;
				WATCHOS_DEPLOYMENT_TARGET = 6.2;
			};
			name = Release;
		};
		7BFDBFB324F5505800075098 /* Debug */ = {
			isa = XCBuildConfiguration;
			buildSettings = {
				ALWAYS_EMBED_SWIFT_STANDARD_LIBRARIES = YES;
				ASSETCATALOG_COMPILER_APPICON_NAME = AppIcon;
				CODE_SIGN_STYLE = Automatic;
				DEVELOPMENT_TEAM = W7M797D7RW;
				IBSC_MODULE = UkraineInfectedCount_WatchKit_Extension;
				INFOPLIST_FILE = "UkraineInfectedCount WatchKit App/Info.plist";
				PRODUCT_BUNDLE_IDENTIFIER = "com.orko-production.UkraineInfectedCount.watchkitapp";
				PRODUCT_NAME = "$(TARGET_NAME)";
				SDKROOT = watchos;
				SKIP_INSTALL = YES;
				SWIFT_VERSION = 5.0;
				TARGETED_DEVICE_FAMILY = 4;
				WATCHOS_DEPLOYMENT_TARGET = 6.2;
			};
			name = Debug;
		};
		7BFDBFB424F5505800075098 /* Release */ = {
			isa = XCBuildConfiguration;
			buildSettings = {
				ALWAYS_EMBED_SWIFT_STANDARD_LIBRARIES = YES;
				ASSETCATALOG_COMPILER_APPICON_NAME = AppIcon;
				CODE_SIGN_STYLE = Automatic;
				DEVELOPMENT_TEAM = W7M797D7RW;
				IBSC_MODULE = UkraineInfectedCount_WatchKit_Extension;
				INFOPLIST_FILE = "UkraineInfectedCount WatchKit App/Info.plist";
				PRODUCT_BUNDLE_IDENTIFIER = "com.orko-production.UkraineInfectedCount.watchkitapp";
				PRODUCT_NAME = "$(TARGET_NAME)";
				SDKROOT = watchos;
				SKIP_INSTALL = YES;
				SWIFT_VERSION = 5.0;
				TARGETED_DEVICE_FAMILY = 4;
				WATCHOS_DEPLOYMENT_TARGET = 6.2;
			};
			name = Release;
		};
		7BFDBFB724F5505800075098 /* Debug */ = {
			isa = XCBuildConfiguration;
			buildSettings = {
				CODE_SIGN_STYLE = Automatic;
				CURRENT_PROJECT_VERSION = 1;
				DEVELOPMENT_TEAM = W7M797D7RW;
				MARKETING_VERSION = 1.0;
				PRODUCT_BUNDLE_IDENTIFIER = "com.orko-production.UkraineInfectedCount";
				PRODUCT_NAME = "$(TARGET_NAME)";
				SWIFT_VERSION = 5.0;
			};
			name = Debug;
		};
		7BFDBFB824F5505800075098 /* Release */ = {
			isa = XCBuildConfiguration;
			buildSettings = {
				CODE_SIGN_STYLE = Automatic;
				CURRENT_PROJECT_VERSION = 1;
				DEVELOPMENT_TEAM = W7M797D7RW;
				MARKETING_VERSION = 1.0;
				PRODUCT_BUNDLE_IDENTIFIER = "com.orko-production.UkraineInfectedCount";
				PRODUCT_NAME = "$(TARGET_NAME)";
				SWIFT_VERSION = 5.0;
			};
			name = Release;
		};
/* End XCBuildConfiguration section */

/* Begin XCConfigurationList section */
		7BFDBF8024F5505100075098 /* Build configuration list for PBXProject "UkraineInfectedCount" */ = {
			isa = XCConfigurationList;
			buildConfigurations = (
				7BFDBFAC24F5505800075098 /* Debug */,
				7BFDBFAD24F5505800075098 /* Release */,
			);
			defaultConfigurationIsVisible = 0;
			defaultConfigurationName = Release;
		};
		7BFDBFAE24F5505800075098 /* Build configuration list for PBXNativeTarget "UkraineInfectedCount WatchKit Extension" */ = {
			isa = XCConfigurationList;
			buildConfigurations = (
				7BFDBFAF24F5505800075098 /* Debug */,
				7BFDBFB024F5505800075098 /* Release */,
			);
			defaultConfigurationIsVisible = 0;
			defaultConfigurationName = Release;
		};
		7BFDBFB224F5505800075098 /* Build configuration list for PBXNativeTarget "UkraineInfectedCount WatchKit App" */ = {
			isa = XCConfigurationList;
			buildConfigurations = (
				7BFDBFB324F5505800075098 /* Debug */,
				7BFDBFB424F5505800075098 /* Release */,
			);
			defaultConfigurationIsVisible = 0;
			defaultConfigurationName = Release;
		};
		7BFDBFB624F5505800075098 /* Build configuration list for PBXNativeTarget "UkraineInfectedCount" */ = {
			isa = XCConfigurationList;
			buildConfigurations = (
				7BFDBFB724F5505800075098 /* Debug */,
				7BFDBFB824F5505800075098 /* Release */,
			);
			defaultConfigurationIsVisible = 0;
			defaultConfigurationName = Release;
		};
/* End XCConfigurationList section */
	};
	rootObject = 7BFDBF7D24F5505100075098 /* Project object */;
}
